# This file is automatically @generated by Cargo.
# It is not intended for manual editing.
[[package]]
name = "dynamic"
version = "0.1.0"
dependencies = [
 "structs 0.1.0",
]

[[package]]
name = "generics"
version = "0.1.0"

[[package]]
name = "main"
version = "0.1.0"
dependencies = [
 "dynamic 0.1.0",
 "generics 0.1.0",
 "structs 0.1.0",
]

[[package]]
name = "structs"
version = "0.1.0"

