# This file is automatically @generated by Cargo.
# It is not intended for manual editing.
[[package]]
name = "dynamic_dispatch"
version = "0.1.0"
dependencies = [
 "structs 0.1.0",
 "traits 0.1.0",
]

[[package]]
name = "structs"
version = "0.1.0"
dependencies = [
 "traits 0.1.0",
]

[[package]]
name = "traits"
version = "0.1.0"

